// !$*UTF8*$!
{
	archiveVersion = 1;
	classes = {
	};
	objectVersion = 56;
	objects = {

/* Begin PBXBuildFile section */
		8F042D9B2B3F03CB0092210B /* AppDelegate.swift in Sources */ = {isa = PBXBuildFile; fileRef = 8F042D9A2B3F03CB0092210B /* AppDelegate.swift */; };
		8F042D9D2B3F03CB0092210B /* SceneDelegate.swift in Sources */ = {isa = PBXBuildFile; fileRef = 8F042D9C2B3F03CB0092210B /* SceneDelegate.swift */; };
		8F042D9F2B3F03CB0092210B /* ViewController.swift in Sources */ = {isa = PBXBuildFile; fileRef = 8F042D9E2B3F03CB0092210B /* ViewController.swift */; };
		8F042DA22B3F03CB0092210B /* Main.storyboard in Resources */ = {isa = PBXBuildFile; fileRef = 8F042DA02B3F03CB0092210B /* Main.storyboard */; };
		8F042DA42B3F03CC0092210B /* Assets.xcassets in Resources */ = {isa = PBXBuildFile; fileRef = 8F042DA32B3F03CC0092210B /* Assets.xcassets */; };
		8F042DA72B3F03CC0092210B /* LaunchScreen.storyboard in Resources */ = {isa = PBXBuildFile; fileRef = 8F042DA52B3F03CC0092210B /* LaunchScreen.storyboard */; };
		8F042DB22B3F03CC0092210B /* MatchGameTests.swift in Sources */ = {isa = PBXBuildFile; fileRef = 8F042DB12B3F03CC0092210B /* MatchGameTests.swift */; };
		8F042DBC2B3F03CC0092210B /* MatchGameUITests.swift in Sources */ = {isa = PBXBuildFile; fileRef = 8F042DBB2B3F03CC0092210B /* MatchGameUITests.swift */; };
		8F042DBE2B3F03CC0092210B /* MatchGameUITestsLaunchTests.swift in Sources */ = {isa = PBXBuildFile; fileRef = 8F042DBD2B3F03CC0092210B /* MatchGameUITestsLaunchTests.swift */; };
/* End PBXBuildFile section */

/* Begin PBXContainerItemProxy section */
		8F042DAE2B3F03CC0092210B /* PBXContainerItemProxy */ = {
			isa = PBXContainerItemProxy;
			containerPortal = 8F042D8F2B3F03CB0092210B /* Project object */;
			proxyType = 1;
			remoteGlobalIDString = 8F042D962B3F03CB0092210B;
			remoteInfo = MatchGame;
		};
		8F042DB82B3F03CC0092210B /* PBXContainerItemProxy */ = {
			isa = PBXContainerItemProxy;
			containerPortal = 8F042D8F2B3F03CB0092210B /* Project object */;
			proxyType = 1;
			remoteGlobalIDString = 8F042D962B3F03CB0092210B;
			remoteInfo = MatchGame;
		};
/* End PBXContainerItemProxy section */

/* Begin PBXFileReference section */
		8F042D972B3F03CB0092210B /* MatchGame.app */ = {isa = PBXFileReference; explicitFileType = wrapper.application; includeInIndex = 0; path = MatchGame.app; sourceTree = BUILT_PRODUCTS_DIR; };
		8F042D9A2B3F03CB0092210B /* AppDelegate.swift */ = {isa = PBXFileReference; lastKnownFileType = sourcecode.swift; path = AppDelegate.swift; sourceTree = "<group>"; };
		8F042D9C2B3F03CB0092210B /* SceneDelegate.swift */ = {isa = PBXFileReference; lastKnownFileType = sourcecode.swift; path = SceneDelegate.swift; sourceTree = "<group>"; };
		8F042D9E2B3F03CB0092210B /* ViewController.swift */ = {isa = PBXFileReference; lastKnownFileType = sourcecode.swift; path = ViewController.swift; sourceTree = "<group>"; };
		8F042DA12B3F03CB0092210B /* Base */ = {isa = PBXFileReference; lastKnownFileType = file.storyboard; name = Base; path = Base.lproj/Main.storyboard; sourceTree = "<group>"; };
		8F042DA32B3F03CC0092210B /* Assets.xcassets */ = {isa = PBXFileReference; lastKnownFileType = folder.assetcatalog; path = Assets.xcassets; sourceTree = "<group>"; };
		8F042DA62B3F03CC0092210B /* Base */ = {isa = PBXFileReference; lastKnownFileType = file.storyboard; name = Base; path = Base.lproj/LaunchScreen.storyboard; sourceTree = "<group>"; };
		8F042DA82B3F03CC0092210B /* Info.plist */ = {isa = PBXFileReference; lastKnownFileType = text.plist.xml; path = Info.plist; sourceTree = "<group>"; };
		8F042DAD2B3F03CC0092210B /* MatchGameTests.xctest */ = {isa = PBXFileReference; explicitFileType = wrapper.cfbundle; includeInIndex = 0; path = MatchGameTests.xctest; sourceTree = BUILT_PRODUCTS_DIR; };
		8F042DB12B3F03CC0092210B /* MatchGameTests.swift */ = {isa = PBXFileReference; lastKnownFileType = sourcecode.swift; path = MatchGameTests.swift; sourceTree = "<group>"; };
		8F042DB72B3F03CC0092210B /* MatchGameUITests.xctest */ = {isa = PBXFileReference; explicitFileType = wrapper.cfbundle; includeInIndex = 0; path = MatchGameUITests.xctest; sourceTree = BUILT_PRODUCTS_DIR; };
		8F042DBB2B3F03CC0092210B /* MatchGameUITests.swift */ = {isa = PBXFileReference; lastKnownFileType = sourcecode.swift; path = MatchGameUITests.swift; sourceTree = "<group>"; };
		8F042DBD2B3F03CC0092210B /* MatchGameUITestsLaunchTests.swift */ = {isa = PBXFileReference; lastKnownFileType = sourcecode.swift; path = MatchGameUITestsLaunchTests.swift; sourceTree = "<group>"; };
/* End PBXFileReference section */

/* Begin PBXFrameworksBuildPhase section */
		8F042D942B3F03CB0092210B /* Frameworks */ = {
			isa = PBXFrameworksBuildPhase;
			buildActionMask = 2147483647;
			files = (
			);
			runOnlyForDeploymentPostprocessing = 0;
		};
		8F042DAA2B3F03CC0092210B /* Frameworks */ = {
			isa = PBXFrameworksBuildPhase;
			buildActionMask = 2147483647;
			files = (
			);
			runOnlyForDeploymentPostprocessing = 0;
		};
		8F042DB42B3F03CC0092210B /* Frameworks */ = {
			isa = PBXFrameworksBuildPhase;
			buildActionMask = 2147483647;
			files = (
			);
			runOnlyForDeploymentPostprocessing = 0;
		};
/* End PBXFrameworksBuildPhase section */

/* Begin PBXGroup section */
		8F042D8E2B3F03CB0092210B = {
			isa = PBXGroup;
			children = (
				8F042D992B3F03CB0092210B /* MatchGame */,
				8F042DB02B3F03CC0092210B /* MatchGameTests */,
				8F042DBA2B3F03CC0092210B /* MatchGameUITests */,
				8F042D982B3F03CB0092210B /* Products */,
			);
			sourceTree = "<group>";
		};
		8F042D982B3F03CB0092210B /* Products */ = {
			isa = PBXGroup;
			children = (
				8F042D972B3F03CB0092210B /* MatchGame.app */,
				8F042DAD2B3F03CC0092210B /* MatchGameTests.xctest */,
				8F042DB72B3F03CC0092210B /* MatchGameUITests.xctest */,
			);
			name = Products;
			sourceTree = "<group>";
		};
		8F042D992B3F03CB0092210B /* MatchGame */ = {
			isa = PBXGroup;
			children = (
				8F042D9A2B3F03CB0092210B /* AppDelegate.swift */,
				8F042D9C2B3F03CB0092210B /* SceneDelegate.swift */,
				8F042D9E2B3F03CB0092210B /* ViewController.swift */,
				8F042DA02B3F03CB0092210B /* Main.storyboard */,
				8F042DA32B3F03CC0092210B /* Assets.xcassets */,
				8F042DA52B3F03CC0092210B /* LaunchScreen.storyboard */,
				8F042DA82B3F03CC0092210B /* Info.plist */,
			);
			path = MatchGame;
			sourceTree = "<group>";
		};
		8F042DB02B3F03CC0092210B /* MatchGameTests */ = {
			isa = PBXGroup;
			children = (
				8F042DB12B3F03CC0092210B /* MatchGameTests.swift */,
			);
			path = MatchGameTests;
			sourceTree = "<group>";
		};
		8F042DBA2B3F03CC0092210B /* MatchGameUITests */ = {
			isa = PBXGroup;
			children = (
				8F042DBB2B3F03CC0092210B /* MatchGameUITests.swift */,
				8F042DBD2B3F03CC0092210B /* MatchGameUITestsLaunchTests.swift */,
			);
			path = MatchGameUITests;
			sourceTree = "<group>";
		};
/* End PBXGroup section */

/* Begin PBXNativeTarget section */
		8F042D962B3F03CB0092210B /* MatchGame */ = {
			isa = PBXNativeTarget;
			buildConfigurationList = 8F042DC12B3F03CC0092210B /* Build configuration list for PBXNativeTarget "MatchGame" */;
			buildPhases = (
				8F042D932B3F03CB0092210B /* Sources */,
				8F042D942B3F03CB0092210B /* Frameworks */,
				8F042D952B3F03CB0092210B /* Resources */,
			);
			buildRules = (
			);
			dependencies = (
			);
			name = MatchGame;
			productName = MatchGame;
			productReference = 8F042D972B3F03CB0092210B /* MatchGame.app */;
			productType = "com.apple.product-type.application";
		};
		8F042DAC2B3F03CC0092210B /* MatchGameTests */ = {
			isa = PBXNativeTarget;
			buildConfigurationList = 8F042DC42B3F03CC0092210B /* Build configuration list for PBXNativeTarget "MatchGameTests" */;
			buildPhases = (
				8F042DA92B3F03CC0092210B /* Sources */,
				8F042DAA2B3F03CC0092210B /* Frameworks */,
				8F042DAB2B3F03CC0092210B /* Resources */,
			);
			buildRules = (
			);
			dependencies = (
				8F042DAF2B3F03CC0092210B /* PBXTargetDependency */,
			);
			name = MatchGameTests;
			productName = MatchGameTests;
			productReference = 8F042DAD2B3F03CC0092210B /* MatchGameTests.xctest */;
			productType = "com.apple.product-type.bundle.unit-test";
		};
		8F042DB62B3F03CC0092210B /* MatchGameUITests */ = {
			isa = PBXNativeTarget;
			buildConfigurationList = 8F042DC72B3F03CC0092210B /* Build configuration list for PBXNativeTarget "MatchGameUITests" */;
			buildPhases = (
				8F042DB32B3F03CC0092210B /* Sources */,
				8F042DB42B3F03CC0092210B /* Frameworks */,
				8F042DB52B3F03CC0092210B /* Resources */,
			);
			buildRules = (
			);
			dependencies = (
				8F042DB92B3F03CC0092210B /* PBXTargetDependency */,
			);
			name = MatchGameUITests;
			productName = MatchGameUITests;
			productReference = 8F042DB72B3F03CC0092210B /* MatchGameUITests.xctest */;
			productType = "com.apple.product-type.bundle.ui-testing";
		};
/* End PBXNativeTarget section */

/* Begin PBXProject section */
		8F042D8F2B3F03CB0092210B /* Project object */ = {
			isa = PBXProject;
			attributes = {
				BuildIndependentTargetsInParallel = 1;
				LastSwiftUpdateCheck = 1430;
				LastUpgradeCheck = 1430;
				TargetAttributes = {
					8F042D962B3F03CB0092210B = {
						CreatedOnToolsVersion = 14.3.1;
					};
					8F042DAC2B3F03CC0092210B = {
						CreatedOnToolsVersion = 14.3.1;
						TestTargetID = 8F042D962B3F03CB0092210B;
					};
					8F042DB62B3F03CC0092210B = {
						CreatedOnToolsVersion = 14.3.1;
						TestTargetID = 8F042D962B3F03CB0092210B;
					};
				};
			};
			buildConfigurationList = 8F042D922B3F03CB0092210B /* Build configuration list for PBXProject "MatchGame" */;
			compatibilityVersion = "Xcode 14.0";
			developmentRegion = en;
			hasScannedForEncodings = 0;
			knownRegions = (
				en,
				Base,
			);
			mainGroup = 8F042D8E2B3F03CB0092210B;
			productRefGroup = 8F042D982B3F03CB0092210B /* Products */;
			projectDirPath = "";
			projectRoot = "";
			targets = (
				8F042D962B3F03CB0092210B /* MatchGame */,
				8F042DAC2B3F03CC0092210B /* MatchGameTests */,
				8F042DB62B3F03CC0092210B /* MatchGameUITests */,
			);
		};
/* End PBXProject section */

/* Begin PBXResourcesBuildPhase section */
		8F042D952B3F03CB0092210B /* Resources */ = {
			isa = PBXResourcesBuildPhase;
			buildActionMask = 2147483647;
			files = (
				8F042DA72B3F03CC0092210B /* LaunchScreen.storyboard in Resources */,
				8F042DA42B3F03CC0092210B /* Assets.xcassets in Resources */,
				8F042DA22B3F03CB0092210B /* Main.storyboard in Resources */,
			);
			runOnlyForDeploymentPostprocessing = 0;
		};
		8F042DAB2B3F03CC0092210B /* Resources */ = {
			isa = PBXResourcesBuildPhase;
			buildActionMask = 2147483647;
			files = (
			);
			runOnlyForDeploymentPostprocessing = 0;
		};
		8F042DB52B3F03CC0092210B /* Resources */ = {
			isa = PBXResourcesBuildPhase;
			buildActionMask = 2147483647;
			files = (
			);
			runOnlyForDeploymentPostprocessing = 0;
		};
/* End PBXResourcesBuildPhase section */

/* Begin PBXSourcesBuildPhase section */
		8F042D932B3F03CB0092210B /* Sources */ = {
			isa = PBXSourcesBuildPhase;
			buildActionMask = 2147483647;
			files = (
				8F042D9F2B3F03CB0092210B /* ViewController.swift in Sources */,
				8F042D9B2B3F03CB0092210B /* AppDelegate.swift in Sources */,
				8F042D9D2B3F03CB0092210B /* SceneDelegate.swift in Sources */,
			);
			runOnlyForDeploymentPostprocessing = 0;
		};
		8F042DA92B3F03CC0092210B /* Sources */ = {
			isa = PBXSourcesBuildPhase;
			buildActionMask = 2147483647;
			files = (
				8F042DB22B3F03CC0092210B /* MatchGameTests.swift in Sources */,
			);
			runOnlyForDeploymentPostprocessing = 0;
		};
		8F042DB32B3F03CC0092210B /* Sources */ = {
			isa = PBXSourcesBuildPhase;
			buildActionMask = 2147483647;
			files = (
				8F042DBE2B3F03CC0092210B /* MatchGameUITestsLaunchTests.swift in Sources */,
				8F042DBC2B3F03CC0092210B /* MatchGameUITests.swift in Sources */,
			);
			runOnlyForDeploymentPostprocessing = 0;
		};
/* End PBXSourcesBuildPhase section */

/* Begin PBXTargetDependency section */
		8F042DAF2B3F03CC0092210B /* PBXTargetDependency */ = {
			isa = PBXTargetDependency;
			target = 8F042D962B3F03CB0092210B /* MatchGame */;
			targetProxy = 8F042DAE2B3F03CC0092210B /* PBXContainerItemProxy */;
		};
		8F042DB92B3F03CC0092210B /* PBXTargetDependency */ = {
			isa = PBXTargetDependency;
			target = 8F042D962B3F03CB0092210B /* MatchGame */;
			targetProxy = 8F042DB82B3F03CC0092210B /* PBXContainerItemProxy */;
		};
/* End PBXTargetDependency section */

/* Begin PBXVariantGroup section */
		8F042DA02B3F03CB0092210B /* Main.storyboard */ = {
			isa = PBXVariantGroup;
			children = (
				8F042DA12B3F03CB0092210B /* Base */,
			);
			name = Main.storyboard;
			sourceTree = "<group>";
		};
		8F042DA52B3F03CC0092210B /* LaunchScreen.storyboard */ = {
			isa = PBXVariantGroup;
			children = (
				8F042DA62B3F03CC0092210B /* Base */,
			);
			name = LaunchScreen.storyboard;
			sourceTree = "<group>";
		};
/* End PBXVariantGroup section */

/* Begin XCBuildConfiguration section */
		8F042DBF2B3F03CC0092210B /* Debug */ = {
			isa = XCBuildConfiguration;
			buildSettings = {
				ALWAYS_SEARCH_USER_PATHS = NO;
				CLANG_ANALYZER_NONNULL = YES;
				CLANG_ANALYZER_NUMBER_OBJECT_CONVERSION = YES_AGGRESSIVE;
				CLANG_CXX_LANGUAGE_STANDARD = "gnu++20";
				CLANG_ENABLE_MODULES = YES;
				CLANG_ENABLE_OBJC_ARC = YES;
				CLANG_ENABLE_OBJC_WEAK = YES;
				CLANG_WARN_BLOCK_CAPTURE_AUTORELEASING = YES;
				CLANG_WARN_BOOL_CONVERSION = YES;
				CLANG_WARN_COMMA = YES;
				CLANG_WARN_CONSTANT_CONVERSION = YES;
				CLANG_WARN_DEPRECATED_OBJC_IMPLEMENTATIONS = YES;
				CLANG_WARN_DIRECT_OBJC_ISA_USAGE = YES_ERROR;
				CLANG_WARN_DOCUMENTATION_COMMENTS = YES;
				CLANG_WARN_EMPTY_BODY = YES;
				CLANG_WARN_ENUM_CONVERSION = YES;
				CLANG_WARN_INFINITE_RECURSION = YES;
				CLANG_WARN_INT_CONVERSION = YES;
				CLANG_WARN_NON_LITERAL_NULL_CONVERSION = YES;
				CLANG_WARN_OBJC_IMPLICIT_RETAIN_SELF = YES;
				CLANG_WARN_OBJC_LITERAL_CONVERSION = YES;
				CLANG_WARN_OBJC_ROOT_CLASS = YES_ERROR;
				CLANG_WARN_QUOTED_INCLUDE_IN_FRAMEWORK_HEADER = YES;
				CLANG_WARN_RANGE_LOOP_ANALYSIS = YES;
				CLANG_WARN_STRICT_PROTOTYPES = YES;
				CLANG_WARN_SUSPICIOUS_MOVE = YES;
				CLANG_WARN_UNGUARDED_AVAILABILITY = YES_AGGRESSIVE;
				CLANG_WARN_UNREACHABLE_CODE = YES;
				CLANG_WARN__DUPLICATE_METHOD_MATCH = YES;
				COPY_PHASE_STRIP = NO;
				DEBUG_INFORMATION_FORMAT = dwarf;
				ENABLE_STRICT_OBJC_MSGSEND = YES;
				ENABLE_TESTABILITY = YES;
				GCC_C_LANGUAGE_STANDARD = gnu11;
				GCC_DYNAMIC_NO_PIC = NO;
				GCC_NO_COMMON_BLOCKS = YES;
				GCC_OPTIMIZATION_LEVEL = 0;
				GCC_PREPROCESSOR_DEFINITIONS = (
					"DEBUG=1",
					"$(inherited)",
				);
				GCC_WARN_64_TO_32_BIT_CONVERSION = YES;
				GCC_WARN_ABOUT_RETURN_TYPE = YES_ERROR;
				GCC_WARN_UNDECLARED_SELECTOR = YES;
				GCC_WARN_UNINITIALIZED_AUTOS = YES_AGGRESSIVE;
				GCC_WARN_UNUSED_FUNCTION = YES;
				GCC_WARN_UNUSED_VARIABLE = YES;
				IPHONEOS_DEPLOYMENT_TARGET = 16.4;
				MTL_ENABLE_DEBUG_INFO = INCLUDE_SOURCE;
				MTL_FAST_MATH = YES;
				ONLY_ACTIVE_ARCH = YES;
				SDKROOT = iphoneos;
				SWIFT_ACTIVE_COMPILATION_CONDITIONS = DEBUG;
				SWIFT_OPTIMIZATION_LEVEL = "-Onone";
			};
			name = Debug;
		};
		8F042DC02B3F03CC0092210B /* Release */ = {
			isa = XCBuildConfiguration;
			buildSettings = {
				ALWAYS_SEARCH_USER_PATHS = NO;
				CLANG_ANALYZER_NONNULL = YES;
				CLANG_ANALYZER_NUMBER_OBJECT_CONVERSION = YES_AGGRESSIVE;
				CLANG_CXX_LANGUAGE_STANDARD = "gnu++20";
				CLANG_ENABLE_MODULES = YES;
				CLANG_ENABLE_OBJC_ARC = YES;
				CLANG_ENABLE_OBJC_WEAK = YES;
				CLANG_WARN_BLOCK_CAPTURE_AUTORELEASING = YES;
				CLANG_WARN_BOOL_CONVERSION = YES;
				CLANG_WARN_COMMA = YES;
				CLANG_WARN_CONSTANT_CONVERSION = YES;
				CLANG_WARN_DEPRECATED_OBJC_IMPLEMENTATIONS = YES;
				CLANG_WARN_DIRECT_OBJC_ISA_USAGE = YES_ERROR;
				CLANG_WARN_DOCUMENTATION_COMMENTS = YES;
				CLANG_WARN_EMPTY_BODY = YES;
				CLANG_WARN_ENUM_CONVERSION = YES;
				CLANG_WARN_INFINITE_RECURSION = YES;
				CLANG_WARN_INT_CONVERSION = YES;
				CLANG_WARN_NON_LITERAL_NULL_CONVERSION = YES;
				CLANG_WARN_OBJC_IMPLICIT_RETAIN_SELF = YES;
				CLANG_WARN_OBJC_LITERAL_CONVERSION = YES;
				CLANG_WARN_OBJC_ROOT_CLASS = YES_ERROR;
				CLANG_WARN_QUOTED_INCLUDE_IN_FRAMEWORK_HEADER = YES;
				CLANG_WARN_RANGE_LOOP_ANALYSIS = YES;
				CLANG_WARN_STRICT_PROTOTYPES = YES;
				CLANG_WARN_SUSPICIOUS_MOVE = YES;
				CLANG_WARN_UNGUARDED_AVAILABILITY = YES_AGGRESSIVE;
				CLANG_WARN_UNREACHABLE_CODE = YES;
				CLANG_WARN__DUPLICATE_METHOD_MATCH = YES;
				COPY_PHASE_STRIP = NO;
				DEBUG_INFORMATION_FORMAT = "dwarf-with-dsym";
				ENABLE_NS_ASSERTIONS = NO;
				ENABLE_STRICT_OBJC_MSGSEND = YES;
				GCC_C_LANGUAGE_STANDARD = gnu11;
				GCC_NO_COMMON_BLOCKS = YES;
				GCC_WARN_64_TO_32_BIT_CONVERSION = YES;
				GCC_WARN_ABOUT_RETURN_TYPE = YES_ERROR;
				GCC_WARN_UNDECLARED_SELECTOR = YES;
				GCC_WARN_UNINITIALIZED_AUTOS = YES_AGGRESSIVE;
				GCC_WARN_UNUSED_FUNCTION = YES;
				GCC_WARN_UNUSED_VARIABLE = YES;
				IPHONEOS_DEPLOYMENT_TARGET = 16.4;
				MTL_ENABLE_DEBUG_INFO = NO;
				MTL_FAST_MATH = YES;
				SDKROOT = iphoneos;
				SWIFT_COMPILATION_MODE = wholemodule;
				SWIFT_OPTIMIZATION_LEVEL = "-O";
				VALIDATE_PRODUCT = YES;
			};
			name = Release;
		};
		8F042DC22B3F03CC0092210B /* Debug */ = {
			isa = XCBuildConfiguration;
			buildSettings = {
				ASSETCATALOG_COMPILER_APPICON_NAME = AppIcon;
				ASSETCATALOG_COMPILER_GLOBAL_ACCENT_COLOR_NAME = AccentColor;
				CODE_SIGN_STYLE = Automatic;
				CURRENT_PROJECT_VERSION = 1;
				GENERATE_INFOPLIST_FILE = YES;
				INFOPLIST_FILE = MatchGame/Info.plist;
				INFOPLIST_KEY_UIApplicationSupportsIndirectInputEvents = YES;
				INFOPLIST_KEY_UILaunchStoryboardName = LaunchScreen;
				INFOPLIST_KEY_UIMainStoryboardFile = Main;
				INFOPLIST_KEY_UISupportedInterfaceOrientations_iPad = "UIInterfaceOrientationPortrait UIInterfaceOrientationPortraitUpsideDown UIInterfaceOrientationLandscapeLeft UIInterfaceOrientationLandscapeRight";
				INFOPLIST_KEY_UISupportedInterfaceOrientations_iPhone = "UIInterfaceOrientationPortrait UIInterfaceOrientationLandscapeLeft UIInterfaceOrientationLandscapeRight";
				LD_RUNPATH_SEARCH_PATHS = (
					"$(inherited)",
					"@executable_path/Frameworks",
				);
				MARKETING_VERSION = 1.0;
				PRODUCT_BUNDLE_IDENTIFIER = nursat.MatchGame;
				PRODUCT_NAME = "$(TARGET_NAME)";
				SWIFT_EMIT_LOC_STRINGS = YES;
				SWIFT_VERSION = 5.0;
				TARGETED_DEVICE_FAMILY = "1,2";
			};
			name = Debug;
		};
		8F042DC32B3F03CC0092210B /* Release */ = {
			isa = XCBuildConfiguration;
			buildSettings = {
				ASSETCATALOG_COMPILER_APPICON_NAME = AppIcon;
				ASSETCATALOG_COMPILER_GLOBAL_ACCENT_COLOR_NAME = AccentColor;
				CODE_SIGN_STYLE = Automatic;
				CURRENT_PROJECT_VERSION = 1;
				GENERATE_INFOPLIST_FILE = YES;
				INFOPLIST_FILE = MatchGame/Info.plist;
				INFOPLIST_KEY_UIApplicationSupportsIndirectInputEvents = YES;
				INFOPLIST_KEY_UILaunchStoryboardName = LaunchScreen;
				INFOPLIST_KEY_UIMainStoryboardFile = Main;
				INFOPLIST_KEY_UISupportedInterfaceOrientations_iPad = "UIInterfaceOrientationPortrait UIInterfaceOrientationPortraitUpsideDown UIInterfaceOrientationLandscapeLeft UIInterfaceOrientationLandscapeRight";
				INFOPLIST_KEY_UISupportedInterfaceOrientations_iPhone = "UIInterfaceOrientationPortrait UIInterfaceOrientationLandscapeLeft UIInterfaceOrientationLandscapeRight";
				LD_RUNPATH_SEARCH_PATHS = (
					"$(inherited)",
					"@executable_path/Frameworks",
				);
				MARKETING_VERSION = 1.0;
				PRODUCT_BUNDLE_IDENTIFIER = nursat.MatchGame;
				PRODUCT_NAME = "$(TARGET_NAME)";
				SWIFT_EMIT_LOC_STRINGS = YES;
				SWIFT_VERSION = 5.0;
				TARGETED_DEVICE_FAMILY = "1,2";
			};
			name = Release;
		};
		8F042DC52B3F03CC0092210B /* Debug */ = {
			isa = XCBuildConfiguration;
			buildSettings = {
				ALWAYS_EMBED_SWIFT_STANDARD_LIBRARIES = YES;
				BUNDLE_LOADER = "$(TEST_HOST)";
				CODE_SIGN_STYLE = Automatic;
				CURRENT_PROJECT_VERSION = 1;
				GENERATE_INFOPLIST_FILE = YES;
				IPHONEOS_DEPLOYMENT_TARGET = 16.4;
				MARKETING_VERSION = 1.0;
				PRODUCT_BUNDLE_IDENTIFIER = nursat.MatchGameTests;
				PRODUCT_NAME = "$(TARGET_NAME)";
				SWIFT_EMIT_LOC_STRINGS = NO;
				SWIFT_VERSION = 5.0;
				TARGETED_DEVICE_FAMILY = "1,2";
				TEST_HOST = "$(BUILT_PRODUCTS_DIR)/MatchGame.app/$(BUNDLE_EXECUTABLE_FOLDER_PATH)/MatchGame";
			};
			name = Debug;
		};
		8F042DC62B3F03CC0092210B /* Release */ = {
			isa = XCBuildConfiguration;
			buildSettings = {
				ALWAYS_EMBED_SWIFT_STANDARD_LIBRARIES = YES;
				BUNDLE_LOADER = "$(TEST_HOST)";
				CODE_SIGN_STYLE = Automatic;
				CURRENT_PROJECT_VERSION = 1;
				GENERATE_INFOPLIST_FILE = YES;
				IPHONEOS_DEPLOYMENT_TARGET = 16.4;
				MARKETING_VERSION = 1.0;
				PRODUCT_BUNDLE_IDENTIFIER = nursat.MatchGameTests;
				PRODUCT_NAME = "$(TARGET_NAME)";
				SWIFT_EMIT_LOC_STRINGS = NO;
				SWIFT_VERSION = 5.0;
				TARGETED_DEVICE_FAMILY = "1,2";
				TEST_HOST = "$(BUILT_PRODUCTS_DIR)/MatchGame.app/$(BUNDLE_EXECUTABLE_FOLDER_PATH)/MatchGame";
			};
			name = Release;
		};
		8F042DC82B3F03CC0092210B /* Debug */ = {
			isa = XCBuildConfiguration;
			buildSettings = {
				ALWAYS_EMBED_SWIFT_STANDARD_LIBRARIES = YES;
				CODE_SIGN_STYLE = Automatic;
				CURRENT_PROJECT_VERSION = 1;
				GENERATE_INFOPLIST_FILE = YES;
				MARKETING_VERSION = 1.0;
				PRODUCT_BUNDLE_IDENTIFIER = nursat.MatchGameUITests;
				PRODUCT_NAME = "$(TARGET_NAME)";
				SWIFT_EMIT_LOC_STRINGS = NO;
				SWIFT_VERSION = 5.0;
				TARGETED_DEVICE_FAMILY = "1,2";
				TEST_TARGET_NAME = MatchGame;
			};
			name = Debug;
		};
		8F042DC92B3F03CC0092210B /* Release */ = {
			isa = XCBuildConfiguration;
			buildSettings = {
				ALWAYS_EMBED_SWIFT_STANDARD_LIBRARIES = YES;
				CODE_SIGN_STYLE = Automatic;
				CURRENT_PROJECT_VERSION = 1;
				GENERATE_INFOPLIST_FILE = YES;
				MARKETING_VERSION = 1.0;
				PRODUCT_BUNDLE_IDENTIFIER = nursat.MatchGameUITests;
				PRODUCT_NAME = "$(TARGET_NAME)";
				SWIFT_EMIT_LOC_STRINGS = NO;
				SWIFT_VERSION = 5.0;
				TARGETED_DEVICE_FAMILY = "1,2";
				TEST_TARGET_NAME = MatchGame;
			};
			name = Release;
		};
/* End XCBuildConfiguration section */

/* Begin XCConfigurationList section */
		8F042D922B3F03CB0092210B /* Build configuration list for PBXProject "MatchGame" */ = {
			isa = XCConfigurationList;
			buildConfigurations = (
				8F042DBF2B3F03CC0092210B /* Debug */,
				8F042DC02B3F03CC0092210B /* Release */,
			);
			defaultConfigurationIsVisible = 0;
			defaultConfigurationName = Release;
		};
		8F042DC12B3F03CC0092210B /* Build configuration list for PBXNativeTarget "MatchGame" */ = {
			isa = XCConfigurationList;
			buildConfigurations = (
				8F042DC22B3F03CC0092210B /* Debug */,
				8F042DC32B3F03CC0092210B /* Release */,
			);
			defaultConfigurationIsVisible = 0;
			defaultConfigurationName = Release;
		};
		8F042DC42B3F03CC0092210B /* Build configuration list for PBXNativeTarget "MatchGameTests" */ = {
			isa = XCConfigurationList;
			buildConfigurations = (
				8F042DC52B3F03CC0092210B /* Debug */,
				8F042DC62B3F03CC0092210B /* Release */,
			);
			defaultConfigurationIsVisible = 0;
			defaultConfigurationName = Release;
		};
		8F042DC72B3F03CC0092210B /* Build configuration list for PBXNativeTarget "MatchGameUITests" */ = {
			isa = XCConfigurationList;
			buildConfigurations = (
				8F042DC82B3F03CC0092210B /* Debug */,
				8F042DC92B3F03CC0092210B /* Release */,
			);
			defaultConfigurationIsVisible = 0;
			defaultConfigurationName = Release;
		};
/* End XCConfigurationList section */
	};
	rootObject = 8F042D8F2B3F03CB0092210B /* Project object */;
}
